// !$*UTF8*$!
{
	archiveVersion = 1;
	classes = {
	};
	objectVersion = 48;
	objects = {

/* Begin PBXBuildFile section */
		A517A112207308BA00910C3C /* SignInMainViewController.swift in Sources */ = {isa = PBXBuildFile; fileRef = A517A111207308BA00910C3C /* SignInMainViewController.swift */; };
		A51B637E208D340D00347A18 /* DLRadioButton.m in Sources */ = {isa = PBXBuildFile; fileRef = A51B637D208D340D00347A18 /* DLRadioButton.m */; };
		A51B6382208D4E7600347A18 /* AdvancedResultViewController.swift in Sources */ = {isa = PBXBuildFile; fileRef = A51B6381208D4E7600347A18 /* AdvancedResultViewController.swift */; };
		A547CA3F208FF19500CD57B2 /* DataViewController.swift in Sources */ = {isa = PBXBuildFile; fileRef = A547CA3E208FF19500CD57B2 /* DataViewController.swift */; };
		A5707A8A208FE64700030E0D /* SecMain.storyboard in Resources */ = {isa = PBXBuildFile; fileRef = A5707A89208FE64700030E0D /* SecMain.storyboard */; };
		A5707A8B208FE64700030E0D /* SecMain.storyboard in Resources */ = {isa = PBXBuildFile; fileRef = A5707A89208FE64700030E0D /* SecMain.storyboard */; };
		A5707A8C208FE64700030E0D /* SecMain.storyboard in Resources */ = {isa = PBXBuildFile; fileRef = A5707A89208FE64700030E0D /* SecMain.storyboard */; };
		A5707A94208FE67500030E0D /* FeedbackViewController.swift in Sources */ = {isa = PBXBuildFile; fileRef = A5707A8D208FE67400030E0D /* FeedbackViewController.swift */; };
		A5707A95208FE67500030E0D /* FeedbackViewController.swift in Sources */ = {isa = PBXBuildFile; fileRef = A5707A8D208FE67400030E0D /* FeedbackViewController.swift */; };
		A5707A96208FE67500030E0D /* FeedbackViewController.swift in Sources */ = {isa = PBXBuildFile; fileRef = A5707A8D208FE67400030E0D /* FeedbackViewController.swift */; };
		A5707A97208FE67500030E0D /* GREViewController.swift in Sources */ = {isa = PBXBuildFile; fileRef = A5707A8E208FE67400030E0D /* GREViewController.swift */; };
		A5707A98208FE67500030E0D /* GREViewController.swift in Sources */ = {isa = PBXBuildFile; fileRef = A5707A8E208FE67400030E0D /* GREViewController.swift */; };
		A5707A99208FE67500030E0D /* GREViewController.swift in Sources */ = {isa = PBXBuildFile; fileRef = A5707A8E208FE67400030E0D /* GREViewController.swift */; };
		A5707A9D208FE67500030E0D /* SettingsViewController.swift in Sources */ = {isa = PBXBuildFile; fileRef = A5707A90208FE67400030E0D /* SettingsViewController.swift */; };
		A5707A9E208FE67500030E0D /* SettingsViewController.swift in Sources */ = {isa = PBXBuildFile; fileRef = A5707A90208FE67400030E0D /* SettingsViewController.swift */; };
		A5707A9F208FE67500030E0D /* SettingsViewController.swift in Sources */ = {isa = PBXBuildFile; fileRef = A5707A90208FE67400030E0D /* SettingsViewController.swift */; };
		A5707AA0208FE67500030E0D /* CopyrightViewController.swift in Sources */ = {isa = PBXBuildFile; fileRef = A5707A91208FE67400030E0D /* CopyrightViewController.swift */; };
		A5707AA1208FE67500030E0D /* CopyrightViewController.swift in Sources */ = {isa = PBXBuildFile; fileRef = A5707A91208FE67400030E0D /* CopyrightViewController.swift */; };
		A5707AA2208FE67500030E0D /* CopyrightViewController.swift in Sources */ = {isa = PBXBuildFile; fileRef = A5707A91208FE67400030E0D /* CopyrightViewController.swift */; };
		A57806A1207C0C9E00BCAD0B /* CreateAccountController.swift in Sources */ = {isa = PBXBuildFile; fileRef = A57806A0207C0C9E00BCAD0B /* CreateAccountController.swift */; };
		A57806A3207C0CC500BCAD0B /* CreateAccountSecController.swift in Sources */ = {isa = PBXBuildFile; fileRef = A57806A2207C0CC500BCAD0B /* CreateAccountSecController.swift */; };
		A57A0D0020898CCC0075E6D4 /* SearchResultsViewController.swift in Sources */ = {isa = PBXBuildFile; fileRef = A57A0CFF20898CCC0075E6D4 /* SearchResultsViewController.swift */; };
		A587295820982AB50019F1D5 /* HomepageViewController.swift in Sources */ = {isa = PBXBuildFile; fileRef = A587295720982AB50019F1D5 /* HomepageViewController.swift */; };
		A587295A2098320E0019F1D5 /* DayPlanViewController.swift in Sources */ = {isa = PBXBuildFile; fileRef = A58729592098320E0019F1D5 /* DayPlanViewController.swift */; };
		A587295C20983D590019F1D5 /* SearchDetailedPlanViewController.swift in Sources */ = {isa = PBXBuildFile; fileRef = A587295B20983D580019F1D5 /* SearchDetailedPlanViewController.swift */; };
		A5872968209860B10019F1D5 /* UserDefaultGetter.swift in Sources */ = {isa = PBXBuildFile; fileRef = A5872967209860B10019F1D5 /* UserDefaultGetter.swift */; };
		A587296A2098F7B00019F1D5 /* DetailedPlanViewController.swift in Sources */ = {isa = PBXBuildFile; fileRef = A58729692098F7B00019F1D5 /* DetailedPlanViewController.swift */; };
		A587296C2098F7FA0019F1D5 /* NewPlanViewController.swift in Sources */ = {isa = PBXBuildFile; fileRef = A587296B2098F7FA0019F1D5 /* NewPlanViewController.swift */; };
		A5D0BCCC2087DC2A00B618A9 /* OnceMemory.xcdatamodeld in Sources */ = {isa = PBXBuildFile; fileRef = A5D0BCCA2087DC2A00B618A9 /* OnceMemory.xcdatamodeld */; };
		A5D0BCCE2087DFF300B618A9 /* LoginViewController.swift in Sources */ = {isa = PBXBuildFile; fileRef = A5D0BCCD2087DFF300B618A9 /* LoginViewController.swift */; };
		A5D7C4F2208A75CB007961F9 /* AddItemViewController.swift in Sources */ = {isa = PBXBuildFile; fileRef = A5D7C4F1208A75CB007961F9 /* AddItemViewController.swift */; };
		A5D7C4F4208AD839007961F9 /* SearchViewController.swift in Sources */ = {isa = PBXBuildFile; fileRef = A5D7C4F3208AD839007961F9 /* SearchViewController.swift */; };
		A5D7C4F6208AD861007961F9 /* AdvancedSearchViewController.swift in Sources */ = {isa = PBXBuildFile; fileRef = A5D7C4F5208AD861007961F9 /* AdvancedSearchViewController.swift */; };
		A5F7C15820682A2A00619ADF /* AppDelegate.swift in Sources */ = {isa = PBXBuildFile; fileRef = A5F7C15720682A2A00619ADF /* AppDelegate.swift */; };
		A5F7C15A20682A2A00619ADF /* RootViewController.swift in Sources */ = {isa = PBXBuildFile; fileRef = A5F7C15920682A2A00619ADF /* RootViewController.swift */; };
		A5F7C15E20682A2A00619ADF /* ModelController.swift in Sources */ = {isa = PBXBuildFile; fileRef = A5F7C15D20682A2A00619ADF /* ModelController.swift */; };
		A5F7C16120682A2A00619ADF /* Main.storyboard in Resources */ = {isa = PBXBuildFile; fileRef = A5F7C15F20682A2A00619ADF /* Main.storyboard */; };
		A5F7C16320682A2A00619ADF /* Assets.xcassets in Resources */ = {isa = PBXBuildFile; fileRef = A5F7C16220682A2A00619ADF /* Assets.xcassets */; };
		A5F7C16620682A2A00619ADF /* LaunchScreen.storyboard in Resources */ = {isa = PBXBuildFile; fileRef = A5F7C16420682A2A00619ADF /* LaunchScreen.storyboard */; };
		A5F7C17120682A2A00619ADF /* OnceMemoryTests.swift in Sources */ = {isa = PBXBuildFile; fileRef = A5F7C17020682A2A00619ADF /* OnceMemoryTests.swift */; };
		A5F7C17C20682A2A00619ADF /* OnceMemoryUITests.swift in Sources */ = {isa = PBXBuildFile; fileRef = A5F7C17B20682A2A00619ADF /* OnceMemoryUITests.swift */; };
/* End PBXBuildFile section */

/* Begin PBXContainerItemProxy section */
		A5F7C16D20682A2A00619ADF /* PBXContainerItemProxy */ = {
			isa = PBXContainerItemProxy;
			containerPortal = A5F7C14C20682A2A00619ADF /* Project object */;
			proxyType = 1;
			remoteGlobalIDString = A5F7C15320682A2A00619ADF;
			remoteInfo = OnceMemory;
		};
		A5F7C17820682A2A00619ADF /* PBXContainerItemProxy */ = {
			isa = PBXContainerItemProxy;
			containerPortal = A5F7C14C20682A2A00619ADF /* Project object */;
			proxyType = 1;
			remoteGlobalIDString = A5F7C15320682A2A00619ADF;
			remoteInfo = OnceMemory;
		};
/* End PBXContainerItemProxy section */

/* Begin PBXFileReference section */
		A517A111207308BA00910C3C /* SignInMainViewController.swift */ = {isa = PBXFileReference; lastKnownFileType = sourcecode.swift; path = SignInMainViewController.swift; sourceTree = "<group>"; };
		A51B637B208D340B00347A18 /* OnceMemory-Bridging-Header.h */ = {isa = PBXFileReference; lastKnownFileType = sourcecode.c.h; path = "OnceMemory-Bridging-Header.h"; sourceTree = "<group>"; };
		A51B637C208D340D00347A18 /* DLRadioButton.h */ = {isa = PBXFileReference; fileEncoding = 4; lastKnownFileType = sourcecode.c.h; name = DLRadioButton.h; path = "../../../../../Downloads/DLRadioButton-master/DLRadioButton/DLRadioButton.h"; sourceTree = "<group>"; };
		A51B637D208D340D00347A18 /* DLRadioButton.m */ = {isa = PBXFileReference; fileEncoding = 4; lastKnownFileType = sourcecode.c.objc; name = DLRadioButton.m; path = "../../../../../Downloads/DLRadioButton-master/DLRadioButton/DLRadioButton.m"; sourceTree = "<group>"; };
		A51B6381208D4E7600347A18 /* AdvancedResultViewController.swift */ = {isa = PBXFileReference; lastKnownFileType = sourcecode.swift; path = AdvancedResultViewController.swift; sourceTree = "<group>"; };
		A547CA3E208FF19500CD57B2 /* DataViewController.swift */ = {isa = PBXFileReference; fileEncoding = 4; lastKnownFileType = sourcecode.swift; path = DataViewController.swift; sourceTree = "<group>"; };
		A5707A89208FE64700030E0D /* SecMain.storyboard */ = {isa = PBXFileReference; fileEncoding = 4; lastKnownFileType = file.storyboard; path = SecMain.storyboard; sourceTree = "<group>"; };
		A5707A8D208FE67400030E0D /* FeedbackViewController.swift */ = {isa = PBXFileReference; fileEncoding = 4; lastKnownFileType = sourcecode.swift; path = FeedbackViewController.swift; sourceTree = "<group>"; };
		A5707A8E208FE67400030E0D /* GREViewController.swift */ = {isa = PBXFileReference; fileEncoding = 4; lastKnownFileType = sourcecode.swift; path = GREViewController.swift; sourceTree = "<group>"; };
		A5707A90208FE67400030E0D /* SettingsViewController.swift */ = {isa = PBXFileReference; fileEncoding = 4; lastKnownFileType = sourcecode.swift; path = SettingsViewController.swift; sourceTree = "<group>"; };
		A5707A91208FE67400030E0D /* CopyrightViewController.swift */ = {isa = PBXFileReference; fileEncoding = 4; lastKnownFileType = sourcecode.swift; path = CopyrightViewController.swift; sourceTree = "<group>"; };
		A57806A0207C0C9E00BCAD0B /* CreateAccountController.swift */ = {isa = PBXFileReference; lastKnownFileType = sourcecode.swift; path = CreateAccountController.swift; sourceTree = "<group>"; };
		A57806A2207C0CC500BCAD0B /* CreateAccountSecController.swift */ = {isa = PBXFileReference; lastKnownFileType = sourcecode.swift; path = CreateAccountSecController.swift; sourceTree = "<group>"; };
		A57A0CFF20898CCC0075E6D4 /* SearchResultsViewController.swift */ = {isa = PBXFileReference; lastKnownFileType = sourcecode.swift; path = SearchResultsViewController.swift; sourceTree = "<group>"; };
		A587295720982AB50019F1D5 /* HomepageViewController.swift */ = {isa = PBXFileReference; fileEncoding = 4; lastKnownFileType = sourcecode.swift; path = HomepageViewController.swift; sourceTree = "<group>"; };
		A58729592098320E0019F1D5 /* DayPlanViewController.swift */ = {isa = PBXFileReference; fileEncoding = 4; lastKnownFileType = sourcecode.swift; path = DayPlanViewController.swift; sourceTree = "<group>"; };
		A587295B20983D580019F1D5 /* SearchDetailedPlanViewController.swift */ = {isa = PBXFileReference; fileEncoding = 4; lastKnownFileType = sourcecode.swift; path = SearchDetailedPlanViewController.swift; sourceTree = "<group>"; };
		A587295E20985B1E0019F1D5 /* ViewController.h */ = {isa = PBXFileReference; lastKnownFileType = sourcecode.c.h; path = ViewController.h; sourceTree = "<group>"; };
		A5872967209860B10019F1D5 /* UserDefaultGetter.swift */ = {isa = PBXFileReference; lastKnownFileType = sourcecode.swift; path = UserDefaultGetter.swift; sourceTree = "<group>"; };
		A58729692098F7B00019F1D5 /* DetailedPlanViewController.swift */ = {isa = PBXFileReference; fileEncoding = 4; lastKnownFileType = sourcecode.swift; path = DetailedPlanViewController.swift; sourceTree = "<group>"; };
		A587296B2098F7FA0019F1D5 /* NewPlanViewController.swift */ = {isa = PBXFileReference; fileEncoding = 4; lastKnownFileType = sourcecode.swift; path = NewPlanViewController.swift; sourceTree = "<group>"; };
		A5D0BCCB2087DC2A00B618A9 /* OnceMemory.xcdatamodel */ = {isa = PBXFileReference; lastKnownFileType = wrapper.xcdatamodel; path = OnceMemory.xcdatamodel; sourceTree = "<group>"; };
		A5D0BCCD2087DFF300B618A9 /* LoginViewController.swift */ = {isa = PBXFileReference; lastKnownFileType = sourcecode.swift; path = LoginViewController.swift; sourceTree = "<group>"; };
		A5D7C4F1208A75CB007961F9 /* AddItemViewController.swift */ = {isa = PBXFileReference; lastKnownFileType = sourcecode.swift; path = AddItemViewController.swift; sourceTree = "<group>"; };
		A5D7C4F3208AD839007961F9 /* SearchViewController.swift */ = {isa = PBXFileReference; lastKnownFileType = sourcecode.swift; path = SearchViewController.swift; sourceTree = "<group>"; };
		A5D7C4F5208AD861007961F9 /* AdvancedSearchViewController.swift */ = {isa = PBXFileReference; lastKnownFileType = sourcecode.swift; path = AdvancedSearchViewController.swift; sourceTree = "<group>"; };
		A5F7C15420682A2A00619ADF /* OnceMemory.app */ = {isa = PBXFileReference; explicitFileType = wrapper.application; includeInIndex = 0; path = OnceMemory.app; sourceTree = BUILT_PRODUCTS_DIR; };
		A5F7C15720682A2A00619ADF /* AppDelegate.swift */ = {isa = PBXFileReference; lastKnownFileType = sourcecode.swift; path = AppDelegate.swift; sourceTree = "<group>"; };
		A5F7C15920682A2A00619ADF /* RootViewController.swift */ = {isa = PBXFileReference; lastKnownFileType = sourcecode.swift; path = RootViewController.swift; sourceTree = "<group>"; };
		A5F7C15D20682A2A00619ADF /* ModelController.swift */ = {isa = PBXFileReference; lastKnownFileType = sourcecode.swift; path = ModelController.swift; sourceTree = "<group>"; };
		A5F7C16020682A2A00619ADF /* Base */ = {isa = PBXFileReference; lastKnownFileType = file.storyboard; name = Base; path = Base.lproj/Main.storyboard; sourceTree = "<group>"; };
		A5F7C16220682A2A00619ADF /* Assets.xcassets */ = {isa = PBXFileReference; lastKnownFileType = folder.assetcatalog; path = Assets.xcassets; sourceTree = "<group>"; };
		A5F7C16520682A2A00619ADF /* Base */ = {isa = PBXFileReference; lastKnownFileType = file.storyboard; name = Base; path = Base.lproj/LaunchScreen.storyboard; sourceTree = "<group>"; };
		A5F7C16720682A2A00619ADF /* Info.plist */ = {isa = PBXFileReference; lastKnownFileType = text.plist.xml; path = Info.plist; sourceTree = "<group>"; };
		A5F7C16C20682A2A00619ADF /* OnceMemoryTests.xctest */ = {isa = PBXFileReference; explicitFileType = wrapper.cfbundle; includeInIndex = 0; path = OnceMemoryTests.xctest; sourceTree = BUILT_PRODUCTS_DIR; };
		A5F7C17020682A2A00619ADF /* OnceMemoryTests.swift */ = {isa = PBXFileReference; lastKnownFileType = sourcecode.swift; path = OnceMemoryTests.swift; sourceTree = "<group>"; };
		A5F7C17220682A2A00619ADF /* Info.plist */ = {isa = PBXFileReference; lastKnownFileType = text.plist.xml; path = Info.plist; sourceTree = "<group>"; };
		A5F7C17720682A2A00619ADF /* OnceMemoryUITests.xctest */ = {isa = PBXFileReference; explicitFileType = wrapper.cfbundle; includeInIndex = 0; path = OnceMemoryUITests.xctest; sourceTree = BUILT_PRODUCTS_DIR; };
		A5F7C17B20682A2A00619ADF /* OnceMemoryUITests.swift */ = {isa = PBXFileReference; lastKnownFileType = sourcecode.swift; path = OnceMemoryUITests.swift; sourceTree = "<group>"; };
		A5F7C17D20682A2A00619ADF /* Info.plist */ = {isa = PBXFileReference; lastKnownFileType = text.plist.xml; path = Info.plist; sourceTree = "<group>"; };
/* End PBXFileReference section */

/* Begin PBXFrameworksBuildPhase section */
		A5F7C15120682A2A00619ADF /* Frameworks */ = {
			isa = PBXFrameworksBuildPhase;
			buildActionMask = 2147483647;
			files = (
			);
			runOnlyForDeploymentPostprocessing = 0;
		};
		A5F7C16920682A2A00619ADF /* Frameworks */ = {
			isa = PBXFrameworksBuildPhase;
			buildActionMask = 2147483647;
			files = (
			);
			runOnlyForDeploymentPostprocessing = 0;
		};
		A5F7C17420682A2A00619ADF /* Frameworks */ = {
			isa = PBXFrameworksBuildPhase;
			buildActionMask = 2147483647;
			files = (
			);
			runOnlyForDeploymentPostprocessing = 0;
		};
/* End PBXFrameworksBuildPhase section */

/* Begin PBXGroup section */
		A5F7C14B20682A2A00619ADF = {
			isa = PBXGroup;
			children = (
				A5F7C15620682A2A00619ADF /* OnceMemory */,
				A5F7C16F20682A2A00619ADF /* OnceMemoryTests */,
				A5F7C17A20682A2A00619ADF /* OnceMemoryUITests */,
				A5F7C15520682A2A00619ADF /* Products */,
			);
			sourceTree = "<group>";
		};
		A5F7C15520682A2A00619ADF /* Products */ = {
			isa = PBXGroup;
			children = (
				A5F7C15420682A2A00619ADF /* OnceMemory.app */,
				A5F7C16C20682A2A00619ADF /* OnceMemoryTests.xctest */,
				A5F7C17720682A2A00619ADF /* OnceMemoryUITests.xctest */,
			);
			name = Products;
			sourceTree = "<group>";
		};
		A5F7C15620682A2A00619ADF /* OnceMemory */ = {
			isa = PBXGroup;
			children = (
				A51B637C208D340D00347A18 /* DLRadioButton.h */,
				A51B637D208D340D00347A18 /* DLRadioButton.m */,
				A5F7C15720682A2A00619ADF /* AppDelegate.swift */,
				A5707A89208FE64700030E0D /* SecMain.storyboard */,
				A5F7C15920682A2A00619ADF /* RootViewController.swift */,
				A5F7C15D20682A2A00619ADF /* ModelController.swift */,
				A5707A91208FE67400030E0D /* CopyrightViewController.swift */,
				A5707A8D208FE67400030E0D /* FeedbackViewController.swift */,
				A547CA3E208FF19500CD57B2 /* DataViewController.swift */,
				A58729592098320E0019F1D5 /* DayPlanViewController.swift */,
				A5707A8E208FE67400030E0D /* GREViewController.swift */,
				A587295720982AB50019F1D5 /* HomepageViewController.swift */,
				A587295B20983D580019F1D5 /* SearchDetailedPlanViewController.swift */,
				A587296B2098F7FA0019F1D5 /* NewPlanViewController.swift */,
				A58729692098F7B00019F1D5 /* DetailedPlanViewController.swift */,
				A5707A90208FE67400030E0D /* SettingsViewController.swift */,
				A5F7C15F20682A2A00619ADF /* Main.storyboard */,
				A5F7C16220682A2A00619ADF /* Assets.xcassets */,
				A5F7C16420682A2A00619ADF /* LaunchScreen.storyboard */,
				A5F7C16720682A2A00619ADF /* Info.plist */,
				A517A111207308BA00910C3C /* SignInMainViewController.swift */,
				A57806A0207C0C9E00BCAD0B /* CreateAccountController.swift */,
				A57806A2207C0CC500BCAD0B /* CreateAccountSecController.swift */,
				A5D0BCCA2087DC2A00B618A9 /* OnceMemory.xcdatamodeld */,
				A5D0BCCD2087DFF300B618A9 /* LoginViewController.swift */,
				A57A0CFF20898CCC0075E6D4 /* SearchResultsViewController.swift */,
				A5D7C4F1208A75CB007961F9 /* AddItemViewController.swift */,
				A5D7C4F3208AD839007961F9 /* SearchViewController.swift */,
				A5D7C4F5208AD861007961F9 /* AdvancedSearchViewController.swift */,
				A51B637B208D340B00347A18 /* OnceMemory-Bridging-Header.h */,
				A51B6381208D4E7600347A18 /* AdvancedResultViewController.swift */,
				A587295E20985B1E0019F1D5 /* ViewController.h */,
				A5872967209860B10019F1D5 /* UserDefaultGetter.swift */,
			);
			path = OnceMemory;
			sourceTree = "<group>";
		};
		A5F7C16F20682A2A00619ADF /* OnceMemoryTests */ = {
			isa = PBXGroup;
			children = (
				A5F7C17020682A2A00619ADF /* OnceMemoryTests.swift */,
				A5F7C17220682A2A00619ADF /* Info.plist */,
			);
			path = OnceMemoryTests;
			sourceTree = "<group>";
		};
		A5F7C17A20682A2A00619ADF /* OnceMemoryUITests */ = {
			isa = PBXGroup;
			children = (
				A5F7C17B20682A2A00619ADF /* OnceMemoryUITests.swift */,
				A5F7C17D20682A2A00619ADF /* Info.plist */,
			);
			path = OnceMemoryUITests;
			sourceTree = "<group>";
		};
/* End PBXGroup section */

/* Begin PBXNativeTarget section */
		A5F7C15320682A2A00619ADF /* OnceMemory */ = {
			isa = PBXNativeTarget;
			buildConfigurationList = A5F7C18020682A2A00619ADF /* Build configuration list for PBXNativeTarget "OnceMemory" */;
			buildPhases = (
				A5F7C15020682A2A00619ADF /* Sources */,
				A5F7C15120682A2A00619ADF /* Frameworks */,
				A5F7C15220682A2A00619ADF /* Resources */,
			);
			buildRules = (
			);
			dependencies = (
			);
			name = OnceMemory;
			productName = OnceMemory;
			productReference = A5F7C15420682A2A00619ADF /* OnceMemory.app */;
			productType = "com.apple.product-type.application";
		};
		A5F7C16B20682A2A00619ADF /* OnceMemoryTests */ = {
			isa = PBXNativeTarget;
			buildConfigurationList = A5F7C18320682A2A00619ADF /* Build configuration list for PBXNativeTarget "OnceMemoryTests" */;
			buildPhases = (
				A5F7C16820682A2A00619ADF /* Sources */,
				A5F7C16920682A2A00619ADF /* Frameworks */,
				A5F7C16A20682A2A00619ADF /* Resources */,
			);
			buildRules = (
			);
			dependencies = (
				A5F7C16E20682A2A00619ADF /* PBXTargetDependency */,
			);
			name = OnceMemoryTests;
			productName = OnceMemoryTests;
			productReference = A5F7C16C20682A2A00619ADF /* OnceMemoryTests.xctest */;
			productType = "com.apple.product-type.bundle.unit-test";
		};
		A5F7C17620682A2A00619ADF /* OnceMemoryUITests */ = {
			isa = PBXNativeTarget;
			buildConfigurationList = A5F7C18620682A2A00619ADF /* Build configuration list for PBXNativeTarget "OnceMemoryUITests" */;
			buildPhases = (
				A5F7C17320682A2A00619ADF /* Sources */,
				A5F7C17420682A2A00619ADF /* Frameworks */,
				A5F7C17520682A2A00619ADF /* Resources */,
			);
			buildRules = (
			);
			dependencies = (
				A5F7C17920682A2A00619ADF /* PBXTargetDependency */,
			);
			name = OnceMemoryUITests;
			productName = OnceMemoryUITests;
			productReference = A5F7C17720682A2A00619ADF /* OnceMemoryUITests.xctest */;
			productType = "com.apple.product-type.bundle.ui-testing";
		};
/* End PBXNativeTarget section */

/* Begin PBXProject section */
		A5F7C14C20682A2A00619ADF /* Project object */ = {
			isa = PBXProject;
			attributes = {
				LastSwiftUpdateCheck = 0920;
				LastUpgradeCheck = 0920;
				ORGANIZATIONNAME = BaikalSeal;
				TargetAttributes = {
					A5F7C15320682A2A00619ADF = {
						CreatedOnToolsVersion = 9.2;
						LastSwiftMigration = 0930;
						ProvisioningStyle = Automatic;
					};
					A5F7C16B20682A2A00619ADF = {
						CreatedOnToolsVersion = 9.2;
						ProvisioningStyle = Automatic;
						TestTargetID = A5F7C15320682A2A00619ADF;
					};
					A5F7C17620682A2A00619ADF = {
						CreatedOnToolsVersion = 9.2;
						ProvisioningStyle = Automatic;
						TestTargetID = A5F7C15320682A2A00619ADF;
					};
				};
			};
			buildConfigurationList = A5F7C14F20682A2A00619ADF /* Build configuration list for PBXProject "OnceMemory" */;
			compatibilityVersion = "Xcode 8.0";
			developmentRegion = en;
			hasScannedForEncodings = 0;
			knownRegions = (
				en,
				Base,
			);
			mainGroup = A5F7C14B20682A2A00619ADF;
			productRefGroup = A5F7C15520682A2A00619ADF /* Products */;
			projectDirPath = "";
			projectRoot = "";
			targets = (
				A5F7C15320682A2A00619ADF /* OnceMemory */,
				A5F7C16B20682A2A00619ADF /* OnceMemoryTests */,
				A5F7C17620682A2A00619ADF /* OnceMemoryUITests */,
			);
		};
/* End PBXProject section */

/* Begin PBXResourcesBuildPhase section */
		A5F7C15220682A2A00619ADF /* Resources */ = {
			isa = PBXResourcesBuildPhase;
			buildActionMask = 2147483647;
			files = (
				A5F7C16620682A2A00619ADF /* LaunchScreen.storyboard in Resources */,
				A5707A8A208FE64700030E0D /* SecMain.storyboard in Resources */,
				A5F7C16320682A2A00619ADF /* Assets.xcassets in Resources */,
				A5F7C16120682A2A00619ADF /* Main.storyboard in Resources */,
			);
			runOnlyForDeploymentPostprocessing = 0;
		};
		A5F7C16A20682A2A00619ADF /* Resources */ = {
			isa = PBXResourcesBuildPhase;
			buildActionMask = 2147483647;
			files = (
				A5707A8B208FE64700030E0D /* SecMain.storyboard in Resources */,
			);
			runOnlyForDeploymentPostprocessing = 0;
		};
		A5F7C17520682A2A00619ADF /* Resources */ = {
			isa = PBXResourcesBuildPhase;
			buildActionMask = 2147483647;
			files = (
				A5707A8C208FE64700030E0D /* SecMain.storyboard in Resources */,
			);
			runOnlyForDeploymentPostprocessing = 0;
		};
/* End PBXResourcesBuildPhase section */

/* Begin PBXSourcesBuildPhase section */
		A5F7C15020682A2A00619ADF /* Sources */ = {
			isa = PBXSourcesBuildPhase;
			buildActionMask = 2147483647;
			files = (
				A5D7C4F6208AD861007961F9 /* AdvancedSearchViewController.swift in Sources */,
				A587295C20983D590019F1D5 /* SearchDetailedPlanViewController.swift in Sources */,
				A51B637E208D340D00347A18 /* DLRadioButton.m in Sources */,
				A587296A2098F7B00019F1D5 /* DetailedPlanViewController.swift in Sources */,
				A5707A94208FE67500030E0D /* FeedbackViewController.swift in Sources */,
				A547CA3F208FF19500CD57B2 /* DataViewController.swift in Sources */,
				A5707A9D208FE67500030E0D /* SettingsViewController.swift in Sources */,
				A5872968209860B10019F1D5 /* UserDefaultGetter.swift in Sources */,
				A587295A2098320E0019F1D5 /* DayPlanViewController.swift in Sources */,
				A5D0BCCE2087DFF300B618A9 /* LoginViewController.swift in Sources */,
				A5F7C15A20682A2A00619ADF /* RootViewController.swift in Sources */,
				A51B6382208D4E7600347A18 /* AdvancedResultViewController.swift in Sources */,
				A57806A3207C0CC500BCAD0B /* CreateAccountSecController.swift in Sources */,
				A5F7C15E20682A2A00619ADF /* ModelController.swift in Sources */,
				A5D7C4F2208A75CB007961F9 /* AddItemViewController.swift in Sources */,
				A57806A1207C0C9E00BCAD0B /* CreateAccountController.swift in Sources */,
				A5D7C4F4208AD839007961F9 /* SearchViewController.swift in Sources */,
				A5D0BCCC2087DC2A00B618A9 /* OnceMemory.xcdatamodeld in Sources */,
				A5707AA0208FE67500030E0D /* CopyrightViewController.swift in Sources */,
				A5F7C15820682A2A00619ADF /* AppDelegate.swift in Sources */,
				A587296C2098F7FA0019F1D5 /* NewPlanViewController.swift in Sources */,
				A587295820982AB50019F1D5 /* HomepageViewController.swift in Sources */,
				A5707A97208FE67500030E0D /* GREViewController.swift in Sources */,
				A517A112207308BA00910C3C /* SignInMainViewController.swift in Sources */,
				A57A0D0020898CCC0075E6D4 /* SearchResultsViewController.swift in Sources */,
			);
			runOnlyForDeploymentPostprocessing = 0;
		};
		A5F7C16820682A2A00619ADF /* Sources */ = {
			isa = PBXSourcesBuildPhase;
			buildActionMask = 2147483647;
			files = (
				A5707A98208FE67500030E0D /* GREViewController.swift in Sources */,
				A5F7C17120682A2A00619ADF /* OnceMemoryTests.swift in Sources */,
				A5707A9E208FE67500030E0D /* SettingsViewController.swift in Sources */,
				A5707AA1208FE67500030E0D /* CopyrightViewController.swift in Sources */,
				A5707A95208FE67500030E0D /* FeedbackViewController.swift in Sources */,
			);
			runOnlyForDeploymentPostprocessing = 0;
		};
		A5F7C17320682A2A00619ADF /* Sources */ = {
			isa = PBXSourcesBuildPhase;
			buildActionMask = 2147483647;
			files = (
				A5707A99208FE67500030E0D /* GREViewController.swift in Sources */,
				A5F7C17C20682A2A00619ADF /* OnceMemoryUITests.swift in Sources */,
				A5707A9F208FE67500030E0D /* SettingsViewController.swift in Sources */,
				A5707AA2208FE67500030E0D /* CopyrightViewController.swift in Sources */,
				A5707A96208FE67500030E0D /* FeedbackViewController.swift in Sources */,
			);
			runOnlyForDeploymentPostprocessing = 0;
		};
/* End PBXSourcesBuildPhase section */

/* Begin PBXTargetDependency section */
		A5F7C16E20682A2A00619ADF /* PBXTargetDependency */ = {
			isa = PBXTargetDependency;
			target = A5F7C15320682A2A00619ADF /* OnceMemory */;
			targetProxy = A5F7C16D20682A2A00619ADF /* PBXContainerItemProxy */;
		};
		A5F7C17920682A2A00619ADF /* PBXTargetDependency */ = {
			isa = PBXTargetDependency;
			target = A5F7C15320682A2A00619ADF /* OnceMemory */;
			targetProxy = A5F7C17820682A2A00619ADF /* PBXContainerItemProxy */;
		};
/* End PBXTargetDependency section */

/* Begin PBXVariantGroup section */
		A5F7C15F20682A2A00619ADF /* Main.storyboard */ = {
			isa = PBXVariantGroup;
			children = (
				A5F7C16020682A2A00619ADF /* Base */,
			);
			name = Main.storyboard;
			sourceTree = "<group>";
		};
		A5F7C16420682A2A00619ADF /* LaunchScreen.storyboard */ = {
			isa = PBXVariantGroup;
			children = (
				A5F7C16520682A2A00619ADF /* Base */,
			);
			name = LaunchScreen.storyboard;
			sourceTree = "<group>";
		};
/* End PBXVariantGroup section */

/* Begin XCBuildConfiguration section */
		A5F7C17E20682A2A00619ADF /* Debug */ = {
			isa = XCBuildConfiguration;
			buildSettings = {
				ALWAYS_SEARCH_USER_PATHS = NO;
				CLANG_ANALYZER_NONNULL = YES;
				CLANG_ANALYZER_NUMBER_OBJECT_CONVERSION = YES_AGGRESSIVE;
				CLANG_CXX_LANGUAGE_STANDARD = "gnu++14";
				CLANG_CXX_LIBRARY = "libc++";
				CLANG_ENABLE_MODULES = YES;
				CLANG_ENABLE_OBJC_ARC = YES;
				CLANG_WARN_BLOCK_CAPTURE_AUTORELEASING = YES;
				CLANG_WARN_BOOL_CONVERSION = YES;
				CLANG_WARN_COMMA = YES;
				CLANG_WARN_CONSTANT_CONVERSION = YES;
				CLANG_WARN_DIRECT_OBJC_ISA_USAGE = YES_ERROR;
				CLANG_WARN_DOCUMENTATION_COMMENTS = YES;
				CLANG_WARN_EMPTY_BODY = YES;
				CLANG_WARN_ENUM_CONVERSION = YES;
				CLANG_WARN_INFINITE_RECURSION = YES;
				CLANG_WARN_INT_CONVERSION = YES;
				CLANG_WARN_NON_LITERAL_NULL_CONVERSION = YES;
				CLANG_WARN_OBJC_LITERAL_CONVERSION = YES;
				CLANG_WARN_OBJC_ROOT_CLASS = YES_ERROR;
				CLANG_WARN_RANGE_LOOP_ANALYSIS = YES;
				CLANG_WARN_STRICT_PROTOTYPES = YES;
				CLANG_WARN_SUSPICIOUS_MOVE = YES;
				CLANG_WARN_UNGUARDED_AVAILABILITY = YES_AGGRESSIVE;
				CLANG_WARN_UNREACHABLE_CODE = YES;
				CLANG_WARN__DUPLICATE_METHOD_MATCH = YES;
				CODE_SIGN_IDENTITY = "iPhone Developer";
				COPY_PHASE_STRIP = NO;
				DEBUG_INFORMATION_FORMAT = dwarf;
				ENABLE_STRICT_OBJC_MSGSEND = YES;
				ENABLE_TESTABILITY = YES;
				GCC_C_LANGUAGE_STANDARD = gnu11;
				GCC_DYNAMIC_NO_PIC = NO;
				GCC_NO_COMMON_BLOCKS = YES;
				GCC_OPTIMIZATION_LEVEL = 0;
				GCC_PREPROCESSOR_DEFINITIONS = (
					"DEBUG=1",
					"$(inherited)",
				);
				GCC_WARN_64_TO_32_BIT_CONVERSION = YES;
				GCC_WARN_ABOUT_RETURN_TYPE = YES_ERROR;
				GCC_WARN_UNDECLARED_SELECTOR = YES;
				GCC_WARN_UNINITIALIZED_AUTOS = YES_AGGRESSIVE;
				GCC_WARN_UNUSED_FUNCTION = YES;
				GCC_WARN_UNUSED_VARIABLE = YES;
				IPHONEOS_DEPLOYMENT_TARGET = 11.2;
				MTL_ENABLE_DEBUG_INFO = YES;
				ONLY_ACTIVE_ARCH = YES;
				SDKROOT = iphoneos;
				SWIFT_ACTIVE_COMPILATION_CONDITIONS = DEBUG;
				SWIFT_OPTIMIZATION_LEVEL = "-Onone";
			};
			name = Debug;
		};
		A5F7C17F20682A2A00619ADF /* Release */ = {
			isa = XCBuildConfiguration;
			buildSettings = {
				ALWAYS_SEARCH_USER_PATHS = NO;
				CLANG_ANALYZER_NONNULL = YES;
				CLANG_ANALYZER_NUMBER_OBJECT_CONVERSION = YES_AGGRESSIVE;
				CLANG_CXX_LANGUAGE_STANDARD = "gnu++14";
				CLANG_CXX_LIBRARY = "libc++";
				CLANG_ENABLE_MODULES = YES;
				CLANG_ENABLE_OBJC_ARC = YES;
				CLANG_WARN_BLOCK_CAPTURE_AUTORELEASING = YES;
				CLANG_WARN_BOOL_CONVERSION = YES;
				CLANG_WARN_COMMA = YES;
				CLANG_WARN_CONSTANT_CONVERSION = YES;
				CLANG_WARN_DIRECT_OBJC_ISA_USAGE = YES_ERROR;
				CLANG_WARN_DOCUMENTATION_COMMENTS = YES;
				CLANG_WARN_EMPTY_BODY = YES;
				CLANG_WARN_ENUM_CONVERSION = YES;
				CLANG_WARN_INFINITE_RECURSION = YES;
				CLANG_WARN_INT_CONVERSION = YES;
				CLANG_WARN_NON_LITERAL_NULL_CONVERSION = YES;
				CLANG_WARN_OBJC_LITERAL_CONVERSION = YES;
				CLANG_WARN_OBJC_ROOT_CLASS = YES_ERROR;
				CLANG_WARN_RANGE_LOOP_ANALYSIS = YES;
				CLANG_WARN_STRICT_PROTOTYPES = YES;
				CLANG_WARN_SUSPICIOUS_MOVE = YES;
				CLANG_WARN_UNGUARDED_AVAILABILITY = YES_AGGRESSIVE;
				CLANG_WARN_UNREACHABLE_CODE = YES;
				CLANG_WARN__DUPLICATE_METHOD_MATCH = YES;
				CODE_SIGN_IDENTITY = "iPhone Developer";
				COPY_PHASE_STRIP = NO;
				DEBUG_INFORMATION_FORMAT = "dwarf-with-dsym";
				ENABLE_NS_ASSERTIONS = NO;
				ENABLE_STRICT_OBJC_MSGSEND = YES;
				GCC_C_LANGUAGE_STANDARD = gnu11;
				GCC_NO_COMMON_BLOCKS = YES;
				GCC_WARN_64_TO_32_BIT_CONVERSION = YES;
				GCC_WARN_ABOUT_RETURN_TYPE = YES_ERROR;
				GCC_WARN_UNDECLARED_SELECTOR = YES;
				GCC_WARN_UNINITIALIZED_AUTOS = YES_AGGRESSIVE;
				GCC_WARN_UNUSED_FUNCTION = YES;
				GCC_WARN_UNUSED_VARIABLE = YES;
				IPHONEOS_DEPLOYMENT_TARGET = 11.2;
				MTL_ENABLE_DEBUG_INFO = NO;
				SDKROOT = iphoneos;
				SWIFT_OPTIMIZATION_LEVEL = "-Owholemodule";
				VALIDATE_PRODUCT = YES;
			};
			name = Release;
		};
		A5F7C18120682A2A00619ADF /* Debug */ = {
			isa = XCBuildConfiguration;
			buildSettings = {
				ASSETCATALOG_COMPILER_APPICON_NAME = AppIcon;
				CLANG_ENABLE_MODULES = YES;
				CODE_SIGN_STYLE = Automatic;
				DEVELOPMENT_TEAM = 3WNW77K38M;
				INFOPLIST_FILE = OnceMemory/Info.plist;
				LD_RUNPATH_SEARCH_PATHS = "$(inherited) @executable_path/Frameworks";
				PRODUCT_BUNDLE_IDENTIFIER = baikal.seal.OnceMemory;
				PRODUCT_NAME = "$(TARGET_NAME)";
				SWIFT_OBJC_BRIDGING_HEADER = "OnceMemory/OnceMemory-Bridging-Header.h";
				SWIFT_OPTIMIZATION_LEVEL = "-Onone";
				SWIFT_VERSION = 4.0;
				TARGETED_DEVICE_FAMILY = "1,2";
			};
			name = Debug;
		};
		A5F7C18220682A2A00619ADF /* Release */ = {
			isa = XCBuildConfiguration;
			buildSettings = {
				ASSETCATALOG_COMPILER_APPICON_NAME = AppIcon;
				CLANG_ENABLE_MODULES = YES;
				CODE_SIGN_STYLE = Automatic;
				DEVELOPMENT_TEAM = 3WNW77K38M;
				INFOPLIST_FILE = OnceMemory/Info.plist;
				LD_RUNPATH_SEARCH_PATHS = "$(inherited) @executable_path/Frameworks";
				PRODUCT_BUNDLE_IDENTIFIER = baikal.seal.OnceMemory;
				PRODUCT_NAME = "$(TARGET_NAME)";
				SWIFT_OBJC_BRIDGING_HEADER = "OnceMemory/OnceMemory-Bridging-Header.h";
				SWIFT_VERSION = 4.0;
				TARGETED_DEVICE_FAMILY = "1,2";
			};
			name = Release;
		};
		A5F7C18420682A2A00619ADF /* Debug */ = {
			isa = XCBuildConfiguration;
			buildSettings = {
				ALWAYS_EMBED_SWIFT_STANDARD_LIBRARIES = YES;
				BUNDLE_LOADER = "$(TEST_HOST)";
				CODE_SIGN_STYLE = Automatic;
				DEVELOPMENT_TEAM = 3WNW77K38M;
				INFOPLIST_FILE = OnceMemoryTests/Info.plist;
				LD_RUNPATH_SEARCH_PATHS = "$(inherited) @executable_path/Frameworks @loader_path/Frameworks";
				PRODUCT_BUNDLE_IDENTIFIER = baikal.seal.OnceMemoryTests;
				PRODUCT_NAME = "$(TARGET_NAME)";
				SWIFT_VERSION = 4.0;
				TARGETED_DEVICE_FAMILY = "1,2";
				TEST_HOST = "$(BUILT_PRODUCTS_DIR)/OnceMemory.app/OnceMemory";
			};
			name = Debug;
		};
		A5F7C18520682A2A00619ADF /* Release */ = {
			isa = XCBuildConfiguration;
			buildSettings = {
				ALWAYS_EMBED_SWIFT_STANDARD_LIBRARIES = YES;
				BUNDLE_LOADER = "$(TEST_HOST)";
				CODE_SIGN_STYLE = Automatic;
				DEVELOPMENT_TEAM = 3WNW77K38M;
				INFOPLIST_FILE = OnceMemoryTests/Info.plist;
				LD_RUNPATH_SEARCH_PATHS = "$(inherited) @executable_path/Frameworks @loader_path/Frameworks";
				PRODUCT_BUNDLE_IDENTIFIER = baikal.seal.OnceMemoryTests;
				PRODUCT_NAME = "$(TARGET_NAME)";
				SWIFT_VERSION = 4.0;
				TARGETED_DEVICE_FAMILY = "1,2";
				TEST_HOST = "$(BUILT_PRODUCTS_DIR)/OnceMemory.app/OnceMemory";
			};
			name = Release;
		};
		A5F7C18720682A2A00619ADF /* Debug */ = {
			isa = XCBuildConfiguration;
			buildSettings = {
				ALWAYS_EMBED_SWIFT_STANDARD_LIBRARIES = YES;
				CODE_SIGN_STYLE = Automatic;
				DEVELOPMENT_TEAM = 3WNW77K38M;
				INFOPLIST_FILE = OnceMemoryUITests/Info.plist;
				LD_RUNPATH_SEARCH_PATHS = "$(inherited) @executable_path/Frameworks @loader_path/Frameworks";
				PRODUCT_BUNDLE_IDENTIFIER = baikal.seal.OnceMemoryUITests;
				PRODUCT_NAME = "$(TARGET_NAME)";
				SWIFT_VERSION = 4.0;
				TARGETED_DEVICE_FAMILY = "1,2";
				TEST_TARGET_NAME = OnceMemory;
			};
			name = Debug;
		};
		A5F7C18820682A2A00619ADF /* Release */ = {
			isa = XCBuildConfiguration;
			buildSettings = {
				ALWAYS_EMBED_SWIFT_STANDARD_LIBRARIES = YES;
				CODE_SIGN_STYLE = Automatic;
				DEVELOPMENT_TEAM = 3WNW77K38M;
				INFOPLIST_FILE = OnceMemoryUITests/Info.plist;
				LD_RUNPATH_SEARCH_PATHS = "$(inherited) @executable_path/Frameworks @loader_path/Frameworks";
				PRODUCT_BUNDLE_IDENTIFIER = baikal.seal.OnceMemoryUITests;
				PRODUCT_NAME = "$(TARGET_NAME)";
				SWIFT_VERSION = 4.0;
				TARGETED_DEVICE_FAMILY = "1,2";
				TEST_TARGET_NAME = OnceMemory;
			};
			name = Release;
		};
/* End XCBuildConfiguration section */

/* Begin XCConfigurationList section */
		A5F7C14F20682A2A00619ADF /* Build configuration list for PBXProject "OnceMemory" */ = {
			isa = XCConfigurationList;
			buildConfigurations = (
				A5F7C17E20682A2A00619ADF /* Debug */,
				A5F7C17F20682A2A00619ADF /* Release */,
			);
			defaultConfigurationIsVisible = 0;
			defaultConfigurationName = Release;
		};
		A5F7C18020682A2A00619ADF /* Build configuration list for PBXNativeTarget "OnceMemory" */ = {
			isa = XCConfigurationList;
			buildConfigurations = (
				A5F7C18120682A2A00619ADF /* Debug */,
				A5F7C18220682A2A00619ADF /* Release */,
			);
			defaultConfigurationIsVisible = 0;
			defaultConfigurationName = Release;
		};
		A5F7C18320682A2A00619ADF /* Build configuration list for PBXNativeTarget "OnceMemoryTests" */ = {
			isa = XCConfigurationList;
			buildConfigurations = (
				A5F7C18420682A2A00619ADF /* Debug */,
				A5F7C18520682A2A00619ADF /* Release */,
			);
			defaultConfigurationIsVisible = 0;
			defaultConfigurationName = Release;
		};
		A5F7C18620682A2A00619ADF /* Build configuration list for PBXNativeTarget "OnceMemoryUITests" */ = {
			isa = XCConfigurationList;
			buildConfigurations = (
				A5F7C18720682A2A00619ADF /* Debug */,
				A5F7C18820682A2A00619ADF /* Release */,
			);
			defaultConfigurationIsVisible = 0;
			defaultConfigurationName = Release;
		};
/* End XCConfigurationList section */

/* Begin XCVersionGroup section */
		A5D0BCCA2087DC2A00B618A9 /* OnceMemory.xcdatamodeld */ = {
			isa = XCVersionGroup;
			children = (
				A5D0BCCB2087DC2A00B618A9 /* OnceMemory.xcdatamodel */,
			);
			currentVersion = A5D0BCCB2087DC2A00B618A9 /* OnceMemory.xcdatamodel */;
			path = OnceMemory.xcdatamodeld;
			sourceTree = "<group>";
			versionGroupType = wrapper.xcdatamodel;
		};
/* End XCVersionGroup section */
	};
	rootObject = A5F7C14C20682A2A00619ADF /* Project object */;
}
